
Microsoft Visual Studio Solution File, Format Version 12.00
# Visual Studio Version 17
VisualStudioVersion = 17.11.35312.102
MinimumVisualStudioVersion = 10.0.40219.1
Project("{FAE04EC0-301F-11D3-BF4B-00C04F79EFBC}") = "randomNameGenerator", "randomNameGenerator\randomNameGenerator.csproj", "{DA46ADE6-FF3B-4C2B-AFD9-B1E2BA6EAC3B}"
EndProject
Global
	GlobalSection(SolutionConfigurationPlatforms) = preSolution
		Debug|Any CPU = Debug|Any CPU
		Release|Any CPU = Release|Any CPU
	EndGlobalSection
	GlobalSection(ProjectConfigurationPlatforms) = postSolution
		{DA46ADE6-FF3B-4C2B-AFD9-B1E2BA6EAC3B}.Debug|Any CPU.ActiveCfg = Debug|Any CPU
		{DA46ADE6-FF3B-4C2B-AFD9-B1E2BA6EAC3B}.Debug|Any CPU.Build.0 = Debug|Any CPU
		{DA46ADE6-FF3B-4C2B-AFD9-B1E2BA6EAC3B}.Release|Any CPU.ActiveCfg = Release|Any CPU
		{DA46ADE6-FF3B-4C2B-AFD9-B1E2BA6EAC3B}.Release|Any CPU.Build.0 = Release|Any CPU
	EndGlobalSection
	GlobalSection(SolutionProperties) = preSolution
		HideSolutionNode = FALSE
	EndGlobalSection
	GlobalSection(ExtensibilityGlobals) = postSolution
		SolutionGuid = {5B71E8EA-8916-4049-90A5-B30F9A850BF0}
	EndGlobalSection
EndGlobal
